
Microsoft Visual Studio Solution File, Format Version 12.00
# Visual Studio Version 17
VisualStudioVersion = 17.6.33815.320
MinimumVisualStudioVersion = 10.0.40219.1
Project("{FAE04EC0-301F-11D3-BF4B-00C04F79EFBC}") = "Dizi_ve_Combobox_ile_Plaka_Bulma", "Dizi_ve_Combobox_ile_Plaka_Bulma\Dizi_ve_Combobox_ile_Plaka_Bulma.csproj", "{9DE77C52-8FD0-426C-9D92-D73D28215026}"
EndProject
Global
	GlobalSection(SolutionConfigurationPlatforms) = preSolution
		Debug|Any CPU = Debug|Any CPU
		Release|Any CPU = Release|Any CPU
	EndGlobalSection
	GlobalSection(ProjectConfigurationPlatforms) = postSolution
		{9DE77C52-8FD0-426C-9D92-D73D28215026}.Debug|Any CPU.ActiveCfg = Debug|Any CPU
		{9DE77C52-8FD0-426C-9D92-D73D28215026}.Debug|Any CPU.Build.0 = Debug|Any CPU
		{9DE77C52-8FD0-426C-9D92-D73D28215026}.Release|Any CPU.ActiveCfg = Release|Any CPU
		{9DE77C52-8FD0-426C-9D92-D73D28215026}.Release|Any CPU.Build.0 = Release|Any CPU
	EndGlobalSection
	GlobalSection(SolutionProperties) = preSolution
		HideSolutionNode = FALSE
	EndGlobalSection
EndGlobal
